// !$*UTF8*$!
{
	archiveVersion = 1;
	classes = {
	};
	objectVersion = 50;
	objects = {

/* Begin PBXBuildFile section */
		4D212A9023CABEA20085B916 /* Mapbox.framework in Frameworks */ = {isa = PBXBuildFile; fileRef = 4D212A8F23CABEA20085B916 /* Mapbox.framework */; };
		4D212A9123CABEA20085B916 /* Mapbox.framework in Embed Frameworks */ = {isa = PBXBuildFile; fileRef = 4D212A8F23CABEA20085B916 /* Mapbox.framework */; settings = {ATTRIBUTES = (CodeSignOnCopy, RemoveHeadersOnCopy, ); }; };
		4D212A9823CC1E790085B916 /* 1-bikestreets-master-v0.3.geojson in Resources */ = {isa = PBXBuildFile; fileRef = 4D212A9623CC1E790085B916 /* 1-bikestreets-master-v0.3.geojson */; };
		4D212A9A23CCDADC0085B916 /* 5-walk-master-v0.3.geojson in Resources */ = {isa = PBXBuildFile; fileRef = 4D212A9923CCDADC0085B916 /* 5-walk-master-v0.3.geojson */; };
		4D212A9C23CCDB600085B916 /* 2-trails-master-v0.3.geojson in Resources */ = {isa = PBXBuildFile; fileRef = 4D212A9B23CCDB600085B916 /* 2-trails-master-v0.3.geojson */; };
		4D212A9E23CCEFDC0085B916 /* 3-bikelanes-master-v0.3.geojson in Resources */ = {isa = PBXBuildFile; fileRef = 4D212A9D23CCEFDC0085B916 /* 3-bikelanes-master-v0.3.geojson */; };
		4D212AA023CD35020085B916 /* 4-bikesidewalks-master-v0.3.geojson in Resources */ = {isa = PBXBuildFile; fileRef = 4D212A9F23CD35020085B916 /* 4-bikesidewalks-master-v0.3.geojson */; };
		4D4516E123EC8EB5008830E9 /* BikeStreetsStyles.swift in Sources */ = {isa = PBXBuildFile; fileRef = 4D4516E023EC8EB5008830E9 /* BikeStreetsStyles.swift */; };
		4D4CF0D0240EF5C900298500 /* TermsViewController.swift in Sources */ = {isa = PBXBuildFile; fileRef = 4D4CF0CF240EF5C900298500 /* TermsViewController.swift */; };
		4D4CF0D32414282600298500 /* TermsManager.swift in Sources */ = {isa = PBXBuildFile; fileRef = 4D4CF0D22414282600298500 /* TermsManager.swift */; };
		4D4CF0D524157A6B00298500 /* Logger.swift in Sources */ = {isa = PBXBuildFile; fileRef = 4D4CF0D424157A6B00298500 /* Logger.swift */; };
		4D7FDD56237B1872002FFE23 /* MapSettingsViewController.swift in Sources */ = {isa = PBXBuildFile; fileRef = 4D7FDD55237B1872002FFE23 /* MapSettingsViewController.swift */; };
		4D7FDD59237B3120002FFE23 /* UserSettings.swift in Sources */ = {isa = PBXBuildFile; fileRef = 4D7FDD58237B3120002FFE23 /* UserSettings.swift */; };
		4DDE54B7233EBB0C0051BF83 /* AppDelegate.swift in Sources */ = {isa = PBXBuildFile; fileRef = 4DDE54B6233EBB0C0051BF83 /* AppDelegate.swift */; };
		4DDE54B9233EBB0C0051BF83 /* MapViewController.swift in Sources */ = {isa = PBXBuildFile; fileRef = 4DDE54B8233EBB0C0051BF83 /* MapViewController.swift */; };
		4DDE54BC233EBB0C0051BF83 /* Main.storyboard in Resources */ = {isa = PBXBuildFile; fileRef = 4DDE54BA233EBB0C0051BF83 /* Main.storyboard */; };
		4DDE54BE233EBB0C0051BF83 /* Assets.xcassets in Resources */ = {isa = PBXBuildFile; fileRef = 4DDE54BD233EBB0C0051BF83 /* Assets.xcassets */; };
		4DDE54C1233EBB0C0051BF83 /* LaunchScreen.storyboard in Resources */ = {isa = PBXBuildFile; fileRef = 4DDE54BF233EBB0C0051BF83 /* LaunchScreen.storyboard */; };
		4DDE54CC233EBB0C0051BF83 /* bikestreets_iosTests.swift in Sources */ = {isa = PBXBuildFile; fileRef = 4DDE54CB233EBB0C0051BF83 /* bikestreets_iosTests.swift */; };
		4DDE54D7233EBB0C0051BF83 /* bikestreets_iosUITests.swift in Sources */ = {isa = PBXBuildFile; fileRef = 4DDE54D6233EBB0C0051BF83 /* bikestreets_iosUITests.swift */; };
/* End PBXBuildFile section */

/* Begin PBXContainerItemProxy section */
		4DDE54C8233EBB0C0051BF83 /* PBXContainerItemProxy */ = {
			isa = PBXContainerItemProxy;
			containerPortal = 4DDE54AB233EBB0C0051BF83 /* Project object */;
			proxyType = 1;
			remoteGlobalIDString = 4DDE54B2233EBB0C0051BF83;
			remoteInfo = "bikestreets-ios";
		};
		4DDE54D3233EBB0C0051BF83 /* PBXContainerItemProxy */ = {
			isa = PBXContainerItemProxy;
			containerPortal = 4DDE54AB233EBB0C0051BF83 /* Project object */;
			proxyType = 1;
			remoteGlobalIDString = 4DDE54B2233EBB0C0051BF83;
			remoteInfo = "bikestreets-ios";
		};
/* End PBXContainerItemProxy section */

/* Begin PBXCopyFilesBuildPhase section */
		4D212A9223CABEA20085B916 /* Embed Frameworks */ = {
			isa = PBXCopyFilesBuildPhase;
			buildActionMask = 2147483647;
			dstPath = "";
			dstSubfolderSpec = 10;
			files = (
				4D212A9123CABEA20085B916 /* Mapbox.framework in Embed Frameworks */,
			);
			name = "Embed Frameworks";
			runOnlyForDeploymentPostprocessing = 0;
		};
/* End PBXCopyFilesBuildPhase section */

/* Begin PBXFileReference section */
		4D212A8F23CABEA20085B916 /* Mapbox.framework */ = {isa = PBXFileReference; lastKnownFileType = wrapper.framework; name = Mapbox.framework; path = Carthage/Build/iOS/Mapbox.framework; sourceTree = "<group>"; };
		4D212A9623CC1E790085B916 /* 1-bikestreets-master-v0.3.geojson */ = {isa = PBXFileReference; fileEncoding = 4; lastKnownFileType = text; path = "1-bikestreets-master-v0.3.geojson"; sourceTree = "<group>"; };
		4D212A9923CCDADC0085B916 /* 5-walk-master-v0.3.geojson */ = {isa = PBXFileReference; fileEncoding = 4; lastKnownFileType = text; path = "5-walk-master-v0.3.geojson"; sourceTree = "<group>"; };
		4D212A9B23CCDB600085B916 /* 2-trails-master-v0.3.geojson */ = {isa = PBXFileReference; fileEncoding = 4; lastKnownFileType = text; path = "2-trails-master-v0.3.geojson"; sourceTree = "<group>"; };
		4D212A9D23CCEFDC0085B916 /* 3-bikelanes-master-v0.3.geojson */ = {isa = PBXFileReference; fileEncoding = 4; lastKnownFileType = text; path = "3-bikelanes-master-v0.3.geojson"; sourceTree = "<group>"; };
		4D212A9F23CD35020085B916 /* 4-bikesidewalks-master-v0.3.geojson */ = {isa = PBXFileReference; fileEncoding = 4; lastKnownFileType = text; path = "4-bikesidewalks-master-v0.3.geojson"; sourceTree = "<group>"; };
		4D4516E023EC8EB5008830E9 /* BikeStreetsStyles.swift */ = {isa = PBXFileReference; lastKnownFileType = sourcecode.swift; path = BikeStreetsStyles.swift; sourceTree = "<group>"; };
		4D4CF0CF240EF5C900298500 /* TermsViewController.swift */ = {isa = PBXFileReference; lastKnownFileType = sourcecode.swift; path = TermsViewController.swift; sourceTree = "<group>"; };
		4D4CF0D22414282600298500 /* TermsManager.swift */ = {isa = PBXFileReference; lastKnownFileType = sourcecode.swift; path = TermsManager.swift; sourceTree = "<group>"; };
		4D4CF0D424157A6B00298500 /* Logger.swift */ = {isa = PBXFileReference; lastKnownFileType = sourcecode.swift; path = Logger.swift; sourceTree = "<group>"; };
		4D7FDD55237B1872002FFE23 /* MapSettingsViewController.swift */ = {isa = PBXFileReference; lastKnownFileType = sourcecode.swift; path = MapSettingsViewController.swift; sourceTree = "<group>"; };
		4D7FDD58237B3120002FFE23 /* UserSettings.swift */ = {isa = PBXFileReference; lastKnownFileType = sourcecode.swift; path = UserSettings.swift; sourceTree = "<group>"; };
		4DDE54B3233EBB0C0051BF83 /* Bike Streets.app */ = {isa = PBXFileReference; explicitFileType = wrapper.application; includeInIndex = 0; path = "Bike Streets.app"; sourceTree = BUILT_PRODUCTS_DIR; };
		4DDE54B6233EBB0C0051BF83 /* AppDelegate.swift */ = {isa = PBXFileReference; lastKnownFileType = sourcecode.swift; path = AppDelegate.swift; sourceTree = "<group>"; };
		4DDE54B8233EBB0C0051BF83 /* MapViewController.swift */ = {isa = PBXFileReference; lastKnownFileType = sourcecode.swift; path = MapViewController.swift; sourceTree = "<group>"; };
		4DDE54BB233EBB0C0051BF83 /* Base */ = {isa = PBXFileReference; lastKnownFileType = file.storyboard; name = Base; path = Base.lproj/Main.storyboard; sourceTree = "<group>"; };
		4DDE54BD233EBB0C0051BF83 /* Assets.xcassets */ = {isa = PBXFileReference; lastKnownFileType = folder.assetcatalog; path = Assets.xcassets; sourceTree = "<group>"; };
		4DDE54C0233EBB0C0051BF83 /* Base */ = {isa = PBXFileReference; lastKnownFileType = file.storyboard; name = Base; path = Base.lproj/LaunchScreen.storyboard; sourceTree = "<group>"; };
		4DDE54C2233EBB0C0051BF83 /* Info.plist */ = {isa = PBXFileReference; lastKnownFileType = text.plist.xml; path = Info.plist; sourceTree = "<group>"; };
		4DDE54C7233EBB0C0051BF83 /* bikestreets-iosTests.xctest */ = {isa = PBXFileReference; explicitFileType = wrapper.cfbundle; includeInIndex = 0; path = "bikestreets-iosTests.xctest"; sourceTree = BUILT_PRODUCTS_DIR; };
		4DDE54CB233EBB0C0051BF83 /* bikestreets_iosTests.swift */ = {isa = PBXFileReference; lastKnownFileType = sourcecode.swift; path = bikestreets_iosTests.swift; sourceTree = "<group>"; };
		4DDE54CD233EBB0C0051BF83 /* Info.plist */ = {isa = PBXFileReference; lastKnownFileType = text.plist.xml; path = Info.plist; sourceTree = "<group>"; };
		4DDE54D2233EBB0C0051BF83 /* bikestreets-iosUITests.xctest */ = {isa = PBXFileReference; explicitFileType = wrapper.cfbundle; includeInIndex = 0; path = "bikestreets-iosUITests.xctest"; sourceTree = BUILT_PRODUCTS_DIR; };
		4DDE54D6233EBB0C0051BF83 /* bikestreets_iosUITests.swift */ = {isa = PBXFileReference; lastKnownFileType = sourcecode.swift; path = bikestreets_iosUITests.swift; sourceTree = "<group>"; };
		4DDE54D8233EBB0C0051BF83 /* Info.plist */ = {isa = PBXFileReference; lastKnownFileType = text.plist.xml; path = Info.plist; sourceTree = "<group>"; };
/* End PBXFileReference section */

/* Begin PBXFrameworksBuildPhase section */
		4DDE54B0233EBB0C0051BF83 /* Frameworks */ = {
			isa = PBXFrameworksBuildPhase;
			buildActionMask = 2147483647;
			files = (
				4D212A9023CABEA20085B916 /* Mapbox.framework in Frameworks */,
			);
			runOnlyForDeploymentPostprocessing = 0;
		};
		4DDE54C4233EBB0C0051BF83 /* Frameworks */ = {
			isa = PBXFrameworksBuildPhase;
			buildActionMask = 2147483647;
			files = (
			);
			runOnlyForDeploymentPostprocessing = 0;
		};
		4DDE54CF233EBB0C0051BF83 /* Frameworks */ = {
			isa = PBXFrameworksBuildPhase;
			buildActionMask = 2147483647;
			files = (
			);
			runOnlyForDeploymentPostprocessing = 0;
		};
/* End PBXFrameworksBuildPhase section */

/* Begin PBXGroup section */
		4D212A8E23CABEA20085B916 /* Frameworks */ = {
			isa = PBXGroup;
			children = (
				4D212A8F23CABEA20085B916 /* Mapbox.framework */,
			);
			name = Frameworks;
			sourceTree = "<group>";
		};
		4D212A9423CC1E630085B916 /* geojson */ = {
			isa = PBXGroup;
			children = (
				4D212A9623CC1E790085B916 /* 1-bikestreets-master-v0.3.geojson */,
				4D212A9B23CCDB600085B916 /* 2-trails-master-v0.3.geojson */,
				4D212A9D23CCEFDC0085B916 /* 3-bikelanes-master-v0.3.geojson */,
				4D212A9F23CD35020085B916 /* 4-bikesidewalks-master-v0.3.geojson */,
				4D212A9923CCDADC0085B916 /* 5-walk-master-v0.3.geojson */,
			);
			path = geojson;
			sourceTree = "<group>";
		};
		4D32C50B23634DD800D59696 /* Network */ = {
			isa = PBXGroup;
			children = (
			);
			path = Network;
			sourceTree = "<group>";
		};
		4D4516DF23EC8E90008830E9 /* Map Style */ = {
			isa = PBXGroup;
			children = (
				4D4516E023EC8EB5008830E9 /* BikeStreetsStyles.swift */,
			);
			path = "Map Style";
			sourceTree = "<group>";
		};
		4D4CF0D1241427DA00298500 /* Logging */ = {
			isa = PBXGroup;
			children = (
				4D4CF0D22414282600298500 /* TermsManager.swift */,
				4D4CF0D424157A6B00298500 /* Logger.swift */,
			);
			path = Logging;
			sourceTree = "<group>";
		};
		4D7FDD57237B30CF002FFE23 /* User Data Storage */ = {
			isa = PBXGroup;
			children = (
				4D7FDD58237B3120002FFE23 /* UserSettings.swift */,
			);
			path = "User Data Storage";
			sourceTree = "<group>";
		};
		4DD903492342EF1D001C7093 /* Classes */ = {
			isa = PBXGroup;
			children = (
				4D4CF0D1241427DA00298500 /* Logging */,
				4D4516DF23EC8E90008830E9 /* Map Style */,
				4D32C50B23634DD800D59696 /* Network */,
				4D7FDD57237B30CF002FFE23 /* User Data Storage */,
			);
			path = Classes;
			sourceTree = "<group>";
		};
		4DDE54AA233EBB0C0051BF83 = {
			isa = PBXGroup;
			children = (
				4DDE54B5233EBB0C0051BF83 /* bikestreets-ios */,
				4DDE54CA233EBB0C0051BF83 /* bikestreets-iosTests */,
				4DDE54D5233EBB0C0051BF83 /* bikestreets-iosUITests */,
				4DDE54B4233EBB0C0051BF83 /* Products */,
				E7AB0668C46210F34889EDB4 /* Pods */,
				4D212A8E23CABEA20085B916 /* Frameworks */,
			);
			sourceTree = "<group>";
		};
		4DDE54B4233EBB0C0051BF83 /* Products */ = {
			isa = PBXGroup;
			children = (
				4DDE54B3233EBB0C0051BF83 /* Bike Streets.app */,
				4DDE54C7233EBB0C0051BF83 /* bikestreets-iosTests.xctest */,
				4DDE54D2233EBB0C0051BF83 /* bikestreets-iosUITests.xctest */,
			);
			name = Products;
			sourceTree = "<group>";
		};
		4DDE54B5233EBB0C0051BF83 /* bikestreets-ios */ = {
			isa = PBXGroup;
			children = (
				4DDE54BF233EBB0C0051BF83 /* LaunchScreen.storyboard */,
				4DDE54B6233EBB0C0051BF83 /* AppDelegate.swift */,
				4DDE54BA233EBB0C0051BF83 /* Main.storyboard */,
				4DDE54B8233EBB0C0051BF83 /* MapViewController.swift */,
				4D4CF0CF240EF5C900298500 /* TermsViewController.swift */,
				4D7FDD55237B1872002FFE23 /* MapSettingsViewController.swift */,
				4DDE54BD233EBB0C0051BF83 /* Assets.xcassets */,
				4DDE54C2233EBB0C0051BF83 /* Info.plist */,
				4DD903492342EF1D001C7093 /* Classes */,
				4DDE54E4233EC12A0051BF83 /* Resources */,
			);
			path = "bikestreets-ios";
			sourceTree = "<group>";
		};
		4DDE54CA233EBB0C0051BF83 /* bikestreets-iosTests */ = {
			isa = PBXGroup;
			children = (
				4DDE54CB233EBB0C0051BF83 /* bikestreets_iosTests.swift */,
				4DDE54CD233EBB0C0051BF83 /* Info.plist */,
			);
			path = "bikestreets-iosTests";
			sourceTree = "<group>";
		};
		4DDE54D5233EBB0C0051BF83 /* bikestreets-iosUITests */ = {
			isa = PBXGroup;
			children = (
				4DDE54D6233EBB0C0051BF83 /* bikestreets_iosUITests.swift */,
				4DDE54D8233EBB0C0051BF83 /* Info.plist */,
			);
			path = "bikestreets-iosUITests";
			sourceTree = "<group>";
		};
		4DDE54E4233EC12A0051BF83 /* Resources */ = {
			isa = PBXGroup;
			children = (
				4D212A9423CC1E630085B916 /* geojson */,
			);
			path = Resources;
			sourceTree = "<group>";
		};
		E7AB0668C46210F34889EDB4 /* Pods */ = {
			isa = PBXGroup;
			children = (
			);
			path = Pods;
			sourceTree = "<group>";
		};
/* End PBXGroup section */

/* Begin PBXNativeTarget section */
		4DDE54B2233EBB0C0051BF83 /* bikestreets-ios */ = {
			isa = PBXNativeTarget;
			buildConfigurationList = 4DDE54DB233EBB0C0051BF83 /* Build configuration list for PBXNativeTarget "bikestreets-ios" */;
			buildPhases = (
				4DDE54AF233EBB0C0051BF83 /* Sources */,
				4DDE54B0233EBB0C0051BF83 /* Frameworks */,
				4DDE54B1233EBB0C0051BF83 /* Resources */,
				4D212A9223CABEA20085B916 /* Embed Frameworks */,
				4D212A9323CABEBA0085B916 /* ShellScript */,
			);
			buildRules = (
			);
			dependencies = (
			);
			name = "bikestreets-ios";
			productName = "bikestreets-ios";
			productReference = 4DDE54B3233EBB0C0051BF83 /* Bike Streets.app */;
			productType = "com.apple.product-type.application";
		};
		4DDE54C6233EBB0C0051BF83 /* bikestreets-iosTests */ = {
			isa = PBXNativeTarget;
			buildConfigurationList = 4DDE54DE233EBB0C0051BF83 /* Build configuration list for PBXNativeTarget "bikestreets-iosTests" */;
			buildPhases = (
				4DDE54C3233EBB0C0051BF83 /* Sources */,
				4DDE54C4233EBB0C0051BF83 /* Frameworks */,
				4DDE54C5233EBB0C0051BF83 /* Resources */,
			);
			buildRules = (
			);
			dependencies = (
				4DDE54C9233EBB0C0051BF83 /* PBXTargetDependency */,
			);
			name = "bikestreets-iosTests";
			productName = "bikestreets-iosTests";
			productReference = 4DDE54C7233EBB0C0051BF83 /* bikestreets-iosTests.xctest */;
			productType = "com.apple.product-type.bundle.unit-test";
		};
		4DDE54D1233EBB0C0051BF83 /* bikestreets-iosUITests */ = {
			isa = PBXNativeTarget;
			buildConfigurationList = 4DDE54E1233EBB0C0051BF83 /* Build configuration list for PBXNativeTarget "bikestreets-iosUITests" */;
			buildPhases = (
				4DDE54CE233EBB0C0051BF83 /* Sources */,
				4DDE54CF233EBB0C0051BF83 /* Frameworks */,
				4DDE54D0233EBB0C0051BF83 /* Resources */,
			);
			buildRules = (
			);
			dependencies = (
				4DDE54D4233EBB0C0051BF83 /* PBXTargetDependency */,
			);
			name = "bikestreets-iosUITests";
			productName = "bikestreets-iosUITests";
			productReference = 4DDE54D2233EBB0C0051BF83 /* bikestreets-iosUITests.xctest */;
			productType = "com.apple.product-type.bundle.ui-testing";
		};
/* End PBXNativeTarget section */

/* Begin PBXProject section */
		4DDE54AB233EBB0C0051BF83 /* Project object */ = {
			isa = PBXProject;
			attributes = {
				LastSwiftUpdateCheck = 1030;
				LastUpgradeCheck = 1030;
				ORGANIZATIONNAME = "Bike Streets";
				TargetAttributes = {
					4DDE54B2233EBB0C0051BF83 = {
						CreatedOnToolsVersion = 10.3;
					};
					4DDE54C6233EBB0C0051BF83 = {
						CreatedOnToolsVersion = 10.3;
						TestTargetID = 4DDE54B2233EBB0C0051BF83;
					};
					4DDE54D1233EBB0C0051BF83 = {
						CreatedOnToolsVersion = 10.3;
						TestTargetID = 4DDE54B2233EBB0C0051BF83;
					};
				};
			};
			buildConfigurationList = 4DDE54AE233EBB0C0051BF83 /* Build configuration list for PBXProject "bikestreets-ios" */;
			compatibilityVersion = "Xcode 9.3";
			developmentRegion = en;
			hasScannedForEncodings = 0;
			knownRegions = (
				en,
				Base,
			);
			mainGroup = 4DDE54AA233EBB0C0051BF83;
			productRefGroup = 4DDE54B4233EBB0C0051BF83 /* Products */;
			projectDirPath = "";
			projectRoot = "";
			targets = (
				4DDE54B2233EBB0C0051BF83 /* bikestreets-ios */,
				4DDE54C6233EBB0C0051BF83 /* bikestreets-iosTests */,
				4DDE54D1233EBB0C0051BF83 /* bikestreets-iosUITests */,
			);
		};
/* End PBXProject section */

/* Begin PBXResourcesBuildPhase section */
		4DDE54B1233EBB0C0051BF83 /* Resources */ = {
			isa = PBXResourcesBuildPhase;
			buildActionMask = 2147483647;
			files = (
				4D212A9C23CCDB600085B916 /* 2-trails-master-v0.3.geojson in Resources */,
				4D212A9823CC1E790085B916 /* 1-bikestreets-master-v0.3.geojson in Resources */,
				4DDE54C1233EBB0C0051BF83 /* LaunchScreen.storyboard in Resources */,
				4DDE54BE233EBB0C0051BF83 /* Assets.xcassets in Resources */,
				4D212A9A23CCDADC0085B916 /* 5-walk-master-v0.3.geojson in Resources */,
				4D212A9E23CCEFDC0085B916 /* 3-bikelanes-master-v0.3.geojson in Resources */,
				4D212AA023CD35020085B916 /* 4-bikesidewalks-master-v0.3.geojson in Resources */,
				4DDE54BC233EBB0C0051BF83 /* Main.storyboard in Resources */,
			);
			runOnlyForDeploymentPostprocessing = 0;
		};
		4DDE54C5233EBB0C0051BF83 /* Resources */ = {
			isa = PBXResourcesBuildPhase;
			buildActionMask = 2147483647;
			files = (
			);
			runOnlyForDeploymentPostprocessing = 0;
		};
		4DDE54D0233EBB0C0051BF83 /* Resources */ = {
			isa = PBXResourcesBuildPhase;
			buildActionMask = 2147483647;
			files = (
			);
			runOnlyForDeploymentPostprocessing = 0;
		};
/* End PBXResourcesBuildPhase section */

/* Begin PBXShellScriptBuildPhase section */
		4D212A9323CABEBA0085B916 /* ShellScript */ = {
			isa = PBXShellScriptBuildPhase;
			buildActionMask = 2147483647;
			files = (
			);
			inputFileListPaths = (
			);
			inputPaths = (
				"$(SRCROOT)/Carthage/Build/iOS/Mapbox.framework",
				"$(SRCROOT)/Carthage/Build/iOS/MapboxMobileEvents.framework",
			);
			outputFileListPaths = (
			);
			outputPaths = (
			);
			runOnlyForDeploymentPostprocessing = 0;
			shellPath = /bin/sh;
			shellScript = "/usr/local/bin/carthage copy-frameworks\n\n";
		};
/* End PBXShellScriptBuildPhase section */

/* Begin PBXSourcesBuildPhase section */
		4DDE54AF233EBB0C0051BF83 /* Sources */ = {
			isa = PBXSourcesBuildPhase;
			buildActionMask = 2147483647;
			files = (
				4DDE54B9233EBB0C0051BF83 /* MapViewController.swift in Sources */,
				4D7FDD59237B3120002FFE23 /* UserSettings.swift in Sources */,
				4D7FDD56237B1872002FFE23 /* MapSettingsViewController.swift in Sources */,
				4D4516E123EC8EB5008830E9 /* BikeStreetsStyles.swift in Sources */,
				4D4CF0D0240EF5C900298500 /* TermsViewController.swift in Sources */,
				4DDE54B7233EBB0C0051BF83 /* AppDelegate.swift in Sources */,
				4D4CF0D32414282600298500 /* TermsManager.swift in Sources */,
				4D4CF0D524157A6B00298500 /* Logger.swift in Sources */,
			);
			runOnlyForDeploymentPostprocessing = 0;
		};
		4DDE54C3233EBB0C0051BF83 /* Sources */ = {
			isa = PBXSourcesBuildPhase;
			buildActionMask = 2147483647;
			files = (
				4DDE54CC233EBB0C0051BF83 /* bikestreets_iosTests.swift in Sources */,
			);
			runOnlyForDeploymentPostprocessing = 0;
		};
		4DDE54CE233EBB0C0051BF83 /* Sources */ = {
			isa = PBXSourcesBuildPhase;
			buildActionMask = 2147483647;
			files = (
				4DDE54D7233EBB0C0051BF83 /* bikestreets_iosUITests.swift in Sources */,
			);
			runOnlyForDeploymentPostprocessing = 0;
		};
/* End PBXSourcesBuildPhase section */

/* Begin PBXTargetDependency section */
		4DDE54C9233EBB0C0051BF83 /* PBXTargetDependency */ = {
			isa = PBXTargetDependency;
			target = 4DDE54B2233EBB0C0051BF83 /* bikestreets-ios */;
			targetProxy = 4DDE54C8233EBB0C0051BF83 /* PBXContainerItemProxy */;
		};
		4DDE54D4233EBB0C0051BF83 /* PBXTargetDependency */ = {
			isa = PBXTargetDependency;
			target = 4DDE54B2233EBB0C0051BF83 /* bikestreets-ios */;
			targetProxy = 4DDE54D3233EBB0C0051BF83 /* PBXContainerItemProxy */;
		};
/* End PBXTargetDependency section */

/* Begin PBXVariantGroup section */
		4DDE54BA233EBB0C0051BF83 /* Main.storyboard */ = {
			isa = PBXVariantGroup;
			children = (
				4DDE54BB233EBB0C0051BF83 /* Base */,
			);
			name = Main.storyboard;
			sourceTree = "<group>";
		};
		4DDE54BF233EBB0C0051BF83 /* LaunchScreen.storyboard */ = {
			isa = PBXVariantGroup;
			children = (
				4DDE54C0233EBB0C0051BF83 /* Base */,
			);
			name = LaunchScreen.storyboard;
			sourceTree = "<group>";
		};
/* End PBXVariantGroup section */

/* Begin XCBuildConfiguration section */
		4DDE54D9233EBB0C0051BF83 /* Debug */ = {
			isa = XCBuildConfiguration;
			buildSettings = {
				ALWAYS_SEARCH_USER_PATHS = NO;
				CLANG_ANALYZER_NONNULL = YES;
				CLANG_ANALYZER_NUMBER_OBJECT_CONVERSION = YES_AGGRESSIVE;
				CLANG_CXX_LANGUAGE_STANDARD = "gnu++14";
				CLANG_CXX_LIBRARY = "libc++";
				CLANG_ENABLE_MODULES = YES;
				CLANG_ENABLE_OBJC_ARC = YES;
				CLANG_ENABLE_OBJC_WEAK = YES;
				CLANG_WARN_BLOCK_CAPTURE_AUTORELEASING = YES;
				CLANG_WARN_BOOL_CONVERSION = YES;
				CLANG_WARN_COMMA = YES;
				CLANG_WARN_CONSTANT_CONVERSION = YES;
				CLANG_WARN_DEPRECATED_OBJC_IMPLEMENTATIONS = YES;
				CLANG_WARN_DIRECT_OBJC_ISA_USAGE = YES_ERROR;
				CLANG_WARN_DOCUMENTATION_COMMENTS = YES;
				CLANG_WARN_EMPTY_BODY = YES;
				CLANG_WARN_ENUM_CONVERSION = YES;
				CLANG_WARN_INFINITE_RECURSION = YES;
				CLANG_WARN_INT_CONVERSION = YES;
				CLANG_WARN_NON_LITERAL_NULL_CONVERSION = YES;
				CLANG_WARN_OBJC_IMPLICIT_RETAIN_SELF = YES;
				CLANG_WARN_OBJC_LITERAL_CONVERSION = YES;
				CLANG_WARN_OBJC_ROOT_CLASS = YES_ERROR;
				CLANG_WARN_RANGE_LOOP_ANALYSIS = YES;
				CLANG_WARN_STRICT_PROTOTYPES = YES;
				CLANG_WARN_SUSPICIOUS_MOVE = YES;
				CLANG_WARN_UNGUARDED_AVAILABILITY = YES_AGGRESSIVE;
				CLANG_WARN_UNREACHABLE_CODE = YES;
				CLANG_WARN__DUPLICATE_METHOD_MATCH = YES;
				CODE_SIGN_IDENTITY = "iPhone Developer";
				COPY_PHASE_STRIP = NO;
				DEBUG_INFORMATION_FORMAT = dwarf;
				ENABLE_STRICT_OBJC_MSGSEND = YES;
				ENABLE_TESTABILITY = YES;
				GCC_C_LANGUAGE_STANDARD = gnu11;
				GCC_DYNAMIC_NO_PIC = NO;
				GCC_NO_COMMON_BLOCKS = YES;
				GCC_OPTIMIZATION_LEVEL = 0;
				GCC_PREPROCESSOR_DEFINITIONS = (
					"DEBUG=1",
					"$(inherited)",
				);
				GCC_WARN_64_TO_32_BIT_CONVERSION = YES;
				GCC_WARN_ABOUT_RETURN_TYPE = YES_ERROR;
				GCC_WARN_UNDECLARED_SELECTOR = YES;
				GCC_WARN_UNINITIALIZED_AUTOS = YES_AGGRESSIVE;
				GCC_WARN_UNUSED_FUNCTION = YES;
				GCC_WARN_UNUSED_VARIABLE = YES;
				IPHONEOS_DEPLOYMENT_TARGET = 12.4;
				MTL_ENABLE_DEBUG_INFO = INCLUDE_SOURCE;
				MTL_FAST_MATH = YES;
				ONLY_ACTIVE_ARCH = YES;
				SDKROOT = iphoneos;
				SWIFT_ACTIVE_COMPILATION_CONDITIONS = DEBUG;
				SWIFT_OPTIMIZATION_LEVEL = "-Onone";
			};
			name = Debug;
		};
		4DDE54DA233EBB0C0051BF83 /* Release */ = {
			isa = XCBuildConfiguration;
			buildSettings = {
				ALWAYS_SEARCH_USER_PATHS = NO;
				CLANG_ANALYZER_NONNULL = YES;
				CLANG_ANALYZER_NUMBER_OBJECT_CONVERSION = YES_AGGRESSIVE;
				CLANG_CXX_LANGUAGE_STANDARD = "gnu++14";
				CLANG_CXX_LIBRARY = "libc++";
				CLANG_ENABLE_MODULES = YES;
				CLANG_ENABLE_OBJC_ARC = YES;
				CLANG_ENABLE_OBJC_WEAK = YES;
				CLANG_WARN_BLOCK_CAPTURE_AUTORELEASING = YES;
				CLANG_WARN_BOOL_CONVERSION = YES;
				CLANG_WARN_COMMA = YES;
				CLANG_WARN_CONSTANT_CONVERSION = YES;
				CLANG_WARN_DEPRECATED_OBJC_IMPLEMENTATIONS = YES;
				CLANG_WARN_DIRECT_OBJC_ISA_USAGE = YES_ERROR;
				CLANG_WARN_DOCUMENTATION_COMMENTS = YES;
				CLANG_WARN_EMPTY_BODY = YES;
				CLANG_WARN_ENUM_CONVERSION = YES;
				CLANG_WARN_INFINITE_RECURSION = YES;
				CLANG_WARN_INT_CONVERSION = YES;
				CLANG_WARN_NON_LITERAL_NULL_CONVERSION = YES;
				CLANG_WARN_OBJC_IMPLICIT_RETAIN_SELF = YES;
				CLANG_WARN_OBJC_LITERAL_CONVERSION = YES;
				CLANG_WARN_OBJC_ROOT_CLASS = YES_ERROR;
				CLANG_WARN_RANGE_LOOP_ANALYSIS = YES;
				CLANG_WARN_STRICT_PROTOTYPES = YES;
				CLANG_WARN_SUSPICIOUS_MOVE = YES;
				CLANG_WARN_UNGUARDED_AVAILABILITY = YES_AGGRESSIVE;
				CLANG_WARN_UNREACHABLE_CODE = YES;
				CLANG_WARN__DUPLICATE_METHOD_MATCH = YES;
				CODE_SIGN_IDENTITY = "iPhone Developer";
				COPY_PHASE_STRIP = NO;
				DEBUG_INFORMATION_FORMAT = "dwarf-with-dsym";
				ENABLE_NS_ASSERTIONS = NO;
				ENABLE_STRICT_OBJC_MSGSEND = YES;
				GCC_C_LANGUAGE_STANDARD = gnu11;
				GCC_NO_COMMON_BLOCKS = YES;
				GCC_WARN_64_TO_32_BIT_CONVERSION = YES;
				GCC_WARN_ABOUT_RETURN_TYPE = YES_ERROR;
				GCC_WARN_UNDECLARED_SELECTOR = YES;
				GCC_WARN_UNINITIALIZED_AUTOS = YES_AGGRESSIVE;
				GCC_WARN_UNUSED_FUNCTION = YES;
				GCC_WARN_UNUSED_VARIABLE = YES;
				IPHONEOS_DEPLOYMENT_TARGET = 12.4;
				MTL_ENABLE_DEBUG_INFO = NO;
				MTL_FAST_MATH = YES;
				SDKROOT = iphoneos;
				SWIFT_COMPILATION_MODE = wholemodule;
				SWIFT_OPTIMIZATION_LEVEL = "-O";
				VALIDATE_PRODUCT = YES;
			};
			name = Release;
		};
		4DDE54DC233EBB0C0051BF83 /* Debug */ = {
			isa = XCBuildConfiguration;
			buildSettings = {
				ASSETCATALOG_COMPILER_APPICON_NAME = AppIcon;
				CODE_SIGN_STYLE = Automatic;
				CURRENT_PROJECT_VERSION = 6;
				DEVELOPMENT_TEAM = JPF6V6763Y;
				FRAMEWORK_SEARCH_PATHS = (
					"$(inherited)",
					"$(PROJECT_DIR)/Carthage/Build/iOS",
				);
				INFOPLIST_FILE = "bikestreets-ios/Info.plist";
				LD_RUNPATH_SEARCH_PATHS = (
					"$(inherited)",
					"@executable_path/Frameworks",
				);
				MARKETING_VERSION = 0.3;
				OTHER_SWIFT_FLAGS = "-DDEBUG";
				PRODUCT_BUNDLE_IDENTIFIER = "com.bikestreets.bikestreets-ios";
				PRODUCT_NAME = "Bike Streets";
				SWIFT_VERSION = 5.0;
				TARGETED_DEVICE_FAMILY = 1;
			};
			name = Debug;
		};
		4DDE54DD233EBB0C0051BF83 /* Release */ = {
			isa = XCBuildConfiguration;
			buildSettings = {
				ASSETCATALOG_COMPILER_APPICON_NAME = AppIcon;
				CODE_SIGN_STYLE = Automatic;
				CURRENT_PROJECT_VERSION = 6;
				DEVELOPMENT_TEAM = JPF6V6763Y;
				FRAMEWORK_SEARCH_PATHS = (
					"$(inherited)",
					"$(PROJECT_DIR)/Carthage/Build/iOS",
				);
				INFOPLIST_FILE = "bikestreets-ios/Info.plist";
				LD_RUNPATH_SEARCH_PATHS = (
					"$(inherited)",
					"@executable_path/Frameworks",
				);
				MARKETING_VERSION = 0.3;
				OTHER_SWIFT_FLAGS = "-DRELEASE";
				PRODUCT_BUNDLE_IDENTIFIER = "com.bikestreets.bikestreets-ios";
				PRODUCT_NAME = "Bike Streets";
				SWIFT_VERSION = 5.0;
				TARGETED_DEVICE_FAMILY = 1;
			};
			name = Release;
		};
		4DDE54DF233EBB0C0051BF83 /* Debug */ = {
			isa = XCBuildConfiguration;
			buildSettings = {
				ALWAYS_EMBED_SWIFT_STANDARD_LIBRARIES = YES;
				BUNDLE_LOADER = "$(TEST_HOST)";
				CODE_SIGN_STYLE = Automatic;
				DEVELOPMENT_TEAM = JPF6V6763Y;
				INFOPLIST_FILE = "bikestreets-iosTests/Info.plist";
				LD_RUNPATH_SEARCH_PATHS = (
					"$(inherited)",
					"@executable_path/Frameworks",
					"@loader_path/Frameworks",
				);
				PRODUCT_BUNDLE_IDENTIFIER = "com.bikestreets.bikestreets-iosTests";
				PRODUCT_NAME = "$(TARGET_NAME)";
				SWIFT_VERSION = 5.0;
				TARGETED_DEVICE_FAMILY = "1,2";
				TEST_HOST = "$(BUILT_PRODUCTS_DIR)/bikestreets-ios.app/bikestreets-ios";
			};
			name = Debug;
		};
		4DDE54E0233EBB0C0051BF83 /* Release */ = {
			isa = XCBuildConfiguration;
			buildSettings = {
				ALWAYS_EMBED_SWIFT_STANDARD_LIBRARIES = YES;
				BUNDLE_LOADER = "$(TEST_HOST)";
				CODE_SIGN_STYLE = Automatic;
				DEVELOPMENT_TEAM = JPF6V6763Y;
				INFOPLIST_FILE = "bikestreets-iosTests/Info.plist";
				LD_RUNPATH_SEARCH_PATHS = (
					"$(inherited)",
					"@executable_path/Frameworks",
					"@loader_path/Frameworks",
				);
				PRODUCT_BUNDLE_IDENTIFIER = "com.bikestreets.bikestreets-iosTests";
				PRODUCT_NAME = "$(TARGET_NAME)";
				SWIFT_VERSION = 5.0;
				TARGETED_DEVICE_FAMILY = "1,2";
				TEST_HOST = "$(BUILT_PRODUCTS_DIR)/bikestreets-ios.app/bikestreets-ios";
			};
			name = Release;
		};
		4DDE54E2233EBB0C0051BF83 /* Debug */ = {
			isa = XCBuildConfiguration;
			buildSettings = {
				ALWAYS_EMBED_SWIFT_STANDARD_LIBRARIES = YES;
				CODE_SIGN_STYLE = Automatic;
				DEVELOPMENT_TEAM = JPF6V6763Y;
				INFOPLIST_FILE = "bikestreets-iosUITests/Info.plist";
				LD_RUNPATH_SEARCH_PATHS = (
					"$(inherited)",
					"@executable_path/Frameworks",
					"@loader_path/Frameworks",
				);
				PRODUCT_BUNDLE_IDENTIFIER = "com.bikestreets.bikestreets-iosUITests";
				PRODUCT_NAME = "$(TARGET_NAME)";
				SWIFT_VERSION = 5.0;
				TARGETED_DEVICE_FAMILY = "1,2";
				TEST_TARGET_NAME = "bikestreets-ios";
			};
			name = Debug;
		};
		4DDE54E3233EBB0C0051BF83 /* Release */ = {
			isa = XCBuildConfiguration;
			buildSettings = {
				ALWAYS_EMBED_SWIFT_STANDARD_LIBRARIES = YES;
				CODE_SIGN_STYLE = Automatic;
				DEVELOPMENT_TEAM = JPF6V6763Y;
				INFOPLIST_FILE = "bikestreets-iosUITests/Info.plist";
				LD_RUNPATH_SEARCH_PATHS = (
					"$(inherited)",
					"@executable_path/Frameworks",
					"@loader_path/Frameworks",
				);
				PRODUCT_BUNDLE_IDENTIFIER = "com.bikestreets.bikestreets-iosUITests";
				PRODUCT_NAME = "$(TARGET_NAME)";
				SWIFT_VERSION = 5.0;
				TARGETED_DEVICE_FAMILY = "1,2";
				TEST_TARGET_NAME = "bikestreets-ios";
			};
			name = Release;
		};
/* End XCBuildConfiguration section */

/* Begin XCConfigurationList section */
		4DDE54AE233EBB0C0051BF83 /* Build configuration list for PBXProject "bikestreets-ios" */ = {
			isa = XCConfigurationList;
			buildConfigurations = (
				4DDE54D9233EBB0C0051BF83 /* Debug */,
				4DDE54DA233EBB0C0051BF83 /* Release */,
			);
			defaultConfigurationIsVisible = 0;
			defaultConfigurationName = Release;
		};
		4DDE54DB233EBB0C0051BF83 /* Build configuration list for PBXNativeTarget "bikestreets-ios" */ = {
			isa = XCConfigurationList;
			buildConfigurations = (
				4DDE54DC233EBB0C0051BF83 /* Debug */,
				4DDE54DD233EBB0C0051BF83 /* Release */,
			);
			defaultConfigurationIsVisible = 0;
			defaultConfigurationName = Release;
		};
		4DDE54DE233EBB0C0051BF83 /* Build configuration list for PBXNativeTarget "bikestreets-iosTests" */ = {
			isa = XCConfigurationList;
			buildConfigurations = (
				4DDE54DF233EBB0C0051BF83 /* Debug */,
				4DDE54E0233EBB0C0051BF83 /* Release */,
			);
			defaultConfigurationIsVisible = 0;
			defaultConfigurationName = Release;
		};
		4DDE54E1233EBB0C0051BF83 /* Build configuration list for PBXNativeTarget "bikestreets-iosUITests" */ = {
			isa = XCConfigurationList;
			buildConfigurations = (
				4DDE54E2233EBB0C0051BF83 /* Debug */,
				4DDE54E3233EBB0C0051BF83 /* Release */,
			);
			defaultConfigurationIsVisible = 0;
			defaultConfigurationName = Release;
		};
/* End XCConfigurationList section */
	};
	rootObject = 4DDE54AB233EBB0C0051BF83 /* Project object */;
}
