// !$*UTF8*$!
{
	archiveVersion = 1;
	classes = {
	};
	objectVersion = 51;
	objects = {

/* Begin PBXBuildFile section */
		4D32C50D23634E0400D59696 /* ArcGISAuth.swift in Sources */ = {isa = PBXBuildFile; fileRef = 4D32C50C23634E0300D59696 /* ArcGISAuth.swift */; };
		4D7FDD56237B1872002FFE23 /* MapSettingsViewController.swift in Sources */ = {isa = PBXBuildFile; fileRef = 4D7FDD55237B1872002FFE23 /* MapSettingsViewController.swift */; };
		4D7FDD59237B3120002FFE23 /* UserSettings.swift in Sources */ = {isa = PBXBuildFile; fileRef = 4D7FDD58237B3120002FFE23 /* UserSettings.swift */; };
		4DD9034C2342EF49001C7093 /* ArcGISConfiguration.swift in Sources */ = {isa = PBXBuildFile; fileRef = 4DD9034B2342EF49001C7093 /* ArcGISConfiguration.swift */; };
		4DDE54B7233EBB0C0051BF83 /* AppDelegate.swift in Sources */ = {isa = PBXBuildFile; fileRef = 4DDE54B6233EBB0C0051BF83 /* AppDelegate.swift */; };
		4DDE54B9233EBB0C0051BF83 /* MapViewController.swift in Sources */ = {isa = PBXBuildFile; fileRef = 4DDE54B8233EBB0C0051BF83 /* MapViewController.swift */; };
		4DDE54BC233EBB0C0051BF83 /* Main.storyboard in Resources */ = {isa = PBXBuildFile; fileRef = 4DDE54BA233EBB0C0051BF83 /* Main.storyboard */; };
		4DDE54BE233EBB0C0051BF83 /* Assets.xcassets in Resources */ = {isa = PBXBuildFile; fileRef = 4DDE54BD233EBB0C0051BF83 /* Assets.xcassets */; };
		4DDE54C1233EBB0C0051BF83 /* LaunchScreen.storyboard in Resources */ = {isa = PBXBuildFile; fileRef = 4DDE54BF233EBB0C0051BF83 /* LaunchScreen.storyboard */; };
		4DDE54CC233EBB0C0051BF83 /* bikestreets_iosTests.swift in Sources */ = {isa = PBXBuildFile; fileRef = 4DDE54CB233EBB0C0051BF83 /* bikestreets_iosTests.swift */; };
		4DDE54D7233EBB0C0051BF83 /* bikestreets_iosUITests.swift in Sources */ = {isa = PBXBuildFile; fileRef = 4DDE54D6233EBB0C0051BF83 /* bikestreets_iosUITests.swift */; };
		4DDE54EB233EC15F0051BF83 /* 5-walk-master-v0.3.kml in Resources */ = {isa = PBXBuildFile; fileRef = 4DDE54E6233EC15E0051BF83 /* 5-walk-master-v0.3.kml */; };
		4DDE54EC233EC15F0051BF83 /* 3-bikelanes-master-v0.3.kml in Resources */ = {isa = PBXBuildFile; fileRef = 4DDE54E7233EC15F0051BF83 /* 3-bikelanes-master-v0.3.kml */; };
		4DDE54ED233EC15F0051BF83 /* 2-trails-master-v0.3.kml in Resources */ = {isa = PBXBuildFile; fileRef = 4DDE54E8233EC15F0051BF83 /* 2-trails-master-v0.3.kml */; };
		4DDE54EE233EC15F0051BF83 /* 1-bikestreets-master-v0.3.kml in Resources */ = {isa = PBXBuildFile; fileRef = 4DDE54E9233EC15F0051BF83 /* 1-bikestreets-master-v0.3.kml */; };
		4DDE54EF233EC15F0051BF83 /* 4-bikesidewalks-master-v0.3.kml in Resources */ = {isa = PBXBuildFile; fileRef = 4DDE54EA233EC15F0051BF83 /* 4-bikesidewalks-master-v0.3.kml */; };
		B9731858F50A9B19F2176035 /* Pods_bikestreets_iosUITests.framework in Frameworks */ = {isa = PBXBuildFile; fileRef = 45F55165BA578AB0E111F4DC /* Pods_bikestreets_iosUITests.framework */; };
		EF54BD152575ECA281BDA026 /* Pods_bikestreets_iosTests.framework in Frameworks */ = {isa = PBXBuildFile; fileRef = E80DFEAF1527091FB78E3487 /* Pods_bikestreets_iosTests.framework */; };
		FFEDF28C95CFD9E95B276923 /* Pods_bikestreets_ios.framework in Frameworks */ = {isa = PBXBuildFile; fileRef = 87B649139E41B4E2197E22E4 /* Pods_bikestreets_ios.framework */; };
/* End PBXBuildFile section */

/* Begin PBXContainerItemProxy section */
		4DDE54C8233EBB0C0051BF83 /* PBXContainerItemProxy */ = {
			isa = PBXContainerItemProxy;
			containerPortal = 4DDE54AB233EBB0C0051BF83 /* Project object */;
			proxyType = 1;
			remoteGlobalIDString = 4DDE54B2233EBB0C0051BF83;
			remoteInfo = "bikestreets-ios";
		};
		4DDE54D3233EBB0C0051BF83 /* PBXContainerItemProxy */ = {
			isa = PBXContainerItemProxy;
			containerPortal = 4DDE54AB233EBB0C0051BF83 /* Project object */;
			proxyType = 1;
			remoteGlobalIDString = 4DDE54B2233EBB0C0051BF83;
			remoteInfo = "bikestreets-ios";
		};
/* End PBXContainerItemProxy section */

/* Begin PBXFileReference section */
		42BA69389DBF12EC6C40C4DF /* Pods-bikestreets-iosTests.debug.xcconfig */ = {isa = PBXFileReference; includeInIndex = 1; lastKnownFileType = text.xcconfig; name = "Pods-bikestreets-iosTests.debug.xcconfig"; path = "Target Support Files/Pods-bikestreets-iosTests/Pods-bikestreets-iosTests.debug.xcconfig"; sourceTree = "<group>"; };
		45F55165BA578AB0E111F4DC /* Pods_bikestreets_iosUITests.framework */ = {isa = PBXFileReference; explicitFileType = wrapper.framework; includeInIndex = 0; path = Pods_bikestreets_iosUITests.framework; sourceTree = BUILT_PRODUCTS_DIR; };
		4D32C50C23634E0300D59696 /* ArcGISAuth.swift */ = {isa = PBXFileReference; lastKnownFileType = sourcecode.swift; path = ArcGISAuth.swift; sourceTree = "<group>"; };
		4D7FDD55237B1872002FFE23 /* MapSettingsViewController.swift */ = {isa = PBXFileReference; lastKnownFileType = sourcecode.swift; path = MapSettingsViewController.swift; sourceTree = "<group>"; };
		4D7FDD58237B3120002FFE23 /* UserSettings.swift */ = {isa = PBXFileReference; lastKnownFileType = sourcecode.swift; path = UserSettings.swift; sourceTree = "<group>"; };
		4DD9034B2342EF49001C7093 /* ArcGISConfiguration.swift */ = {isa = PBXFileReference; lastKnownFileType = sourcecode.swift; path = ArcGISConfiguration.swift; sourceTree = "<group>"; };
		4DDE54B3233EBB0C0051BF83 /* Bike Streets.app */ = {isa = PBXFileReference; explicitFileType = wrapper.application; includeInIndex = 0; path = "Bike Streets.app"; sourceTree = BUILT_PRODUCTS_DIR; };
		4DDE54B6233EBB0C0051BF83 /* AppDelegate.swift */ = {isa = PBXFileReference; lastKnownFileType = sourcecode.swift; path = AppDelegate.swift; sourceTree = "<group>"; };
		4DDE54B8233EBB0C0051BF83 /* MapViewController.swift */ = {isa = PBXFileReference; lastKnownFileType = sourcecode.swift; path = MapViewController.swift; sourceTree = "<group>"; };
		4DDE54BB233EBB0C0051BF83 /* Base */ = {isa = PBXFileReference; lastKnownFileType = file.storyboard; name = Base; path = Base.lproj/Main.storyboard; sourceTree = "<group>"; };
		4DDE54BD233EBB0C0051BF83 /* Assets.xcassets */ = {isa = PBXFileReference; lastKnownFileType = folder.assetcatalog; path = Assets.xcassets; sourceTree = "<group>"; };
		4DDE54C0233EBB0C0051BF83 /* Base */ = {isa = PBXFileReference; lastKnownFileType = file.storyboard; name = Base; path = Base.lproj/LaunchScreen.storyboard; sourceTree = "<group>"; };
		4DDE54C2233EBB0C0051BF83 /* Info.plist */ = {isa = PBXFileReference; lastKnownFileType = text.plist.xml; path = Info.plist; sourceTree = "<group>"; };
		4DDE54C7233EBB0C0051BF83 /* bikestreets-iosTests.xctest */ = {isa = PBXFileReference; explicitFileType = wrapper.cfbundle; includeInIndex = 0; path = "bikestreets-iosTests.xctest"; sourceTree = BUILT_PRODUCTS_DIR; };
		4DDE54CB233EBB0C0051BF83 /* bikestreets_iosTests.swift */ = {isa = PBXFileReference; lastKnownFileType = sourcecode.swift; path = bikestreets_iosTests.swift; sourceTree = "<group>"; };
		4DDE54CD233EBB0C0051BF83 /* Info.plist */ = {isa = PBXFileReference; lastKnownFileType = text.plist.xml; path = Info.plist; sourceTree = "<group>"; };
		4DDE54D2233EBB0C0051BF83 /* bikestreets-iosUITests.xctest */ = {isa = PBXFileReference; explicitFileType = wrapper.cfbundle; includeInIndex = 0; path = "bikestreets-iosUITests.xctest"; sourceTree = BUILT_PRODUCTS_DIR; };
		4DDE54D6233EBB0C0051BF83 /* bikestreets_iosUITests.swift */ = {isa = PBXFileReference; lastKnownFileType = sourcecode.swift; path = bikestreets_iosUITests.swift; sourceTree = "<group>"; };
		4DDE54D8233EBB0C0051BF83 /* Info.plist */ = {isa = PBXFileReference; lastKnownFileType = text.plist.xml; path = Info.plist; sourceTree = "<group>"; };
		4DDE54E6233EC15E0051BF83 /* 5-walk-master-v0.3.kml */ = {isa = PBXFileReference; fileEncoding = 4; lastKnownFileType = text.xml; path = "5-walk-master-v0.3.kml"; sourceTree = "<group>"; };
		4DDE54E7233EC15F0051BF83 /* 3-bikelanes-master-v0.3.kml */ = {isa = PBXFileReference; fileEncoding = 4; lastKnownFileType = text.xml; path = "3-bikelanes-master-v0.3.kml"; sourceTree = "<group>"; };
		4DDE54E8233EC15F0051BF83 /* 2-trails-master-v0.3.kml */ = {isa = PBXFileReference; fileEncoding = 4; lastKnownFileType = text.xml; path = "2-trails-master-v0.3.kml"; sourceTree = "<group>"; };
		4DDE54E9233EC15F0051BF83 /* 1-bikestreets-master-v0.3.kml */ = {isa = PBXFileReference; fileEncoding = 4; lastKnownFileType = text.xml; path = "1-bikestreets-master-v0.3.kml"; sourceTree = "<group>"; };
		4DDE54EA233EC15F0051BF83 /* 4-bikesidewalks-master-v0.3.kml */ = {isa = PBXFileReference; fileEncoding = 4; lastKnownFileType = text.xml; path = "4-bikesidewalks-master-v0.3.kml"; sourceTree = "<group>"; };
		637BF84059333FF07925F0C8 /* Pods-bikestreets-iosUITests.release.xcconfig */ = {isa = PBXFileReference; includeInIndex = 1; lastKnownFileType = text.xcconfig; name = "Pods-bikestreets-iosUITests.release.xcconfig"; path = "Target Support Files/Pods-bikestreets-iosUITests/Pods-bikestreets-iosUITests.release.xcconfig"; sourceTree = "<group>"; };
		87B649139E41B4E2197E22E4 /* Pods_bikestreets_ios.framework */ = {isa = PBXFileReference; explicitFileType = wrapper.framework; includeInIndex = 0; path = Pods_bikestreets_ios.framework; sourceTree = BUILT_PRODUCTS_DIR; };
		919B57A95D5CBD62996F355B /* Pods-bikestreets-iosUITests.debug.xcconfig */ = {isa = PBXFileReference; includeInIndex = 1; lastKnownFileType = text.xcconfig; name = "Pods-bikestreets-iosUITests.debug.xcconfig"; path = "Target Support Files/Pods-bikestreets-iosUITests/Pods-bikestreets-iosUITests.debug.xcconfig"; sourceTree = "<group>"; };
		957A276B9DEA2027E8A62043 /* Pods-bikestreets-ios.debug.xcconfig */ = {isa = PBXFileReference; includeInIndex = 1; lastKnownFileType = text.xcconfig; name = "Pods-bikestreets-ios.debug.xcconfig"; path = "Target Support Files/Pods-bikestreets-ios/Pods-bikestreets-ios.debug.xcconfig"; sourceTree = "<group>"; };
		AF19ECBFB91A23BAF9262610 /* Pods-bikestreets-iosTests.release.xcconfig */ = {isa = PBXFileReference; includeInIndex = 1; lastKnownFileType = text.xcconfig; name = "Pods-bikestreets-iosTests.release.xcconfig"; path = "Target Support Files/Pods-bikestreets-iosTests/Pods-bikestreets-iosTests.release.xcconfig"; sourceTree = "<group>"; };
		E6D449B0AFAAB0B573AE9AC8 /* Pods-bikestreets-ios.release.xcconfig */ = {isa = PBXFileReference; includeInIndex = 1; lastKnownFileType = text.xcconfig; name = "Pods-bikestreets-ios.release.xcconfig"; path = "Target Support Files/Pods-bikestreets-ios/Pods-bikestreets-ios.release.xcconfig"; sourceTree = "<group>"; };
		E80DFEAF1527091FB78E3487 /* Pods_bikestreets_iosTests.framework */ = {isa = PBXFileReference; explicitFileType = wrapper.framework; includeInIndex = 0; path = Pods_bikestreets_iosTests.framework; sourceTree = BUILT_PRODUCTS_DIR; };
/* End PBXFileReference section */

/* Begin PBXFrameworksBuildPhase section */
		4DDE54B0233EBB0C0051BF83 /* Frameworks */ = {
			isa = PBXFrameworksBuildPhase;
			buildActionMask = 2147483647;
			files = (
				FFEDF28C95CFD9E95B276923 /* Pods_bikestreets_ios.framework in Frameworks */,
			);
			runOnlyForDeploymentPostprocessing = 0;
		};
		4DDE54C4233EBB0C0051BF83 /* Frameworks */ = {
			isa = PBXFrameworksBuildPhase;
			buildActionMask = 2147483647;
			files = (
				EF54BD152575ECA281BDA026 /* Pods_bikestreets_iosTests.framework in Frameworks */,
			);
			runOnlyForDeploymentPostprocessing = 0;
		};
		4DDE54CF233EBB0C0051BF83 /* Frameworks */ = {
			isa = PBXFrameworksBuildPhase;
			buildActionMask = 2147483647;
			files = (
				B9731858F50A9B19F2176035 /* Pods_bikestreets_iosUITests.framework in Frameworks */,
			);
			runOnlyForDeploymentPostprocessing = 0;
		};
/* End PBXFrameworksBuildPhase section */

/* Begin PBXGroup section */
		4D32C50B23634DD800D59696 /* Network */ = {
			isa = PBXGroup;
			children = (
			);
			path = Network;
			sourceTree = "<group>";
		};
		4D7FDD57237B30CF002FFE23 /* User Data Storage */ = {
			isa = PBXGroup;
			children = (
				4D7FDD58237B3120002FFE23 /* UserSettings.swift */,
			);
			path = "User Data Storage";
			sourceTree = "<group>";
		};
		4DD903492342EF1D001C7093 /* Classes */ = {
			isa = PBXGroup;
			children = (
				4DD9034A2342EF2B001C7093 /* ArcGIS */,
				4D32C50B23634DD800D59696 /* Network */,
				4D7FDD57237B30CF002FFE23 /* User Data Storage */,
			);
			path = Classes;
			sourceTree = "<group>";
		};
		4DD9034A2342EF2B001C7093 /* ArcGIS */ = {
			isa = PBXGroup;
			children = (
				4DD9034B2342EF49001C7093 /* ArcGISConfiguration.swift */,
				4D32C50C23634E0300D59696 /* ArcGISAuth.swift */,
			);
			path = ArcGIS;
			sourceTree = "<group>";
		};
		4DDE54AA233EBB0C0051BF83 = {
			isa = PBXGroup;
			children = (
				4DDE54B5233EBB0C0051BF83 /* bikestreets-ios */,
				4DDE54CA233EBB0C0051BF83 /* bikestreets-iosTests */,
				4DDE54D5233EBB0C0051BF83 /* bikestreets-iosUITests */,
				4DDE54B4233EBB0C0051BF83 /* Products */,
				E7AB0668C46210F34889EDB4 /* Pods */,
				D08C9AFD9727EF5615D802DD /* Frameworks */,
			);
			sourceTree = "<group>";
		};
		4DDE54B4233EBB0C0051BF83 /* Products */ = {
			isa = PBXGroup;
			children = (
				4DDE54B3233EBB0C0051BF83 /* Bike Streets.app */,
				4DDE54C7233EBB0C0051BF83 /* bikestreets-iosTests.xctest */,
				4DDE54D2233EBB0C0051BF83 /* bikestreets-iosUITests.xctest */,
			);
			name = Products;
			sourceTree = "<group>";
		};
		4DDE54B5233EBB0C0051BF83 /* bikestreets-ios */ = {
			isa = PBXGroup;
			children = (
				4DDE54BF233EBB0C0051BF83 /* LaunchScreen.storyboard */,
				4DDE54B6233EBB0C0051BF83 /* AppDelegate.swift */,
				4DDE54BA233EBB0C0051BF83 /* Main.storyboard */,
				4DDE54B8233EBB0C0051BF83 /* MapViewController.swift */,
				4D7FDD55237B1872002FFE23 /* MapSettingsViewController.swift */,
				4DDE54BD233EBB0C0051BF83 /* Assets.xcassets */,
				4DDE54C2233EBB0C0051BF83 /* Info.plist */,
				4DD903492342EF1D001C7093 /* Classes */,
				4DDE54E4233EC12A0051BF83 /* Resources */,
			);
			path = "bikestreets-ios";
			sourceTree = "<group>";
		};
		4DDE54CA233EBB0C0051BF83 /* bikestreets-iosTests */ = {
			isa = PBXGroup;
			children = (
				4DDE54CB233EBB0C0051BF83 /* bikestreets_iosTests.swift */,
				4DDE54CD233EBB0C0051BF83 /* Info.plist */,
			);
			path = "bikestreets-iosTests";
			sourceTree = "<group>";
		};
		4DDE54D5233EBB0C0051BF83 /* bikestreets-iosUITests */ = {
			isa = PBXGroup;
			children = (
				4DDE54D6233EBB0C0051BF83 /* bikestreets_iosUITests.swift */,
				4DDE54D8233EBB0C0051BF83 /* Info.plist */,
			);
			path = "bikestreets-iosUITests";
			sourceTree = "<group>";
		};
		4DDE54E4233EC12A0051BF83 /* Resources */ = {
			isa = PBXGroup;
			children = (
				4DDE54E5233EC1460051BF83 /* kml */,
			);
			path = Resources;
			sourceTree = "<group>";
		};
		4DDE54E5233EC1460051BF83 /* kml */ = {
			isa = PBXGroup;
			children = (
				4DDE54E9233EC15F0051BF83 /* 1-bikestreets-master-v0.3.kml */,
				4DDE54E8233EC15F0051BF83 /* 2-trails-master-v0.3.kml */,
				4DDE54E7233EC15F0051BF83 /* 3-bikelanes-master-v0.3.kml */,
				4DDE54EA233EC15F0051BF83 /* 4-bikesidewalks-master-v0.3.kml */,
				4DDE54E6233EC15E0051BF83 /* 5-walk-master-v0.3.kml */,
			);
			path = kml;
			sourceTree = "<group>";
		};
		D08C9AFD9727EF5615D802DD /* Frameworks */ = {
			isa = PBXGroup;
			children = (
				87B649139E41B4E2197E22E4 /* Pods_bikestreets_ios.framework */,
				E80DFEAF1527091FB78E3487 /* Pods_bikestreets_iosTests.framework */,
				45F55165BA578AB0E111F4DC /* Pods_bikestreets_iosUITests.framework */,
			);
			name = Frameworks;
			sourceTree = "<group>";
		};
		E7AB0668C46210F34889EDB4 /* Pods */ = {
			isa = PBXGroup;
			children = (
				957A276B9DEA2027E8A62043 /* Pods-bikestreets-ios.debug.xcconfig */,
				E6D449B0AFAAB0B573AE9AC8 /* Pods-bikestreets-ios.release.xcconfig */,
				42BA69389DBF12EC6C40C4DF /* Pods-bikestreets-iosTests.debug.xcconfig */,
				AF19ECBFB91A23BAF9262610 /* Pods-bikestreets-iosTests.release.xcconfig */,
				919B57A95D5CBD62996F355B /* Pods-bikestreets-iosUITests.debug.xcconfig */,
				637BF84059333FF07925F0C8 /* Pods-bikestreets-iosUITests.release.xcconfig */,
			);
			path = Pods;
			sourceTree = "<group>";
		};
/* End PBXGroup section */

/* Begin PBXNativeTarget section */
		4DDE54B2233EBB0C0051BF83 /* bikestreets-ios */ = {
			isa = PBXNativeTarget;
			buildConfigurationList = 4DDE54DB233EBB0C0051BF83 /* Build configuration list for PBXNativeTarget "bikestreets-ios" */;
			buildPhases = (
				4349EEA9E26F089EC0543649 /* [CP] Check Pods Manifest.lock */,
				4DDE54AF233EBB0C0051BF83 /* Sources */,
				4DDE54B0233EBB0C0051BF83 /* Frameworks */,
				4DDE54B1233EBB0C0051BF83 /* Resources */,
				4ED4E4ADADCF368AF21542B4 /* [CP] Embed Pods Frameworks */,
			);
			buildRules = (
			);
			dependencies = (
			);
			name = "bikestreets-ios";
			productName = "bikestreets-ios";
			productReference = 4DDE54B3233EBB0C0051BF83 /* Bike Streets.app */;
			productType = "com.apple.product-type.application";
		};
		4DDE54C6233EBB0C0051BF83 /* bikestreets-iosTests */ = {
			isa = PBXNativeTarget;
			buildConfigurationList = 4DDE54DE233EBB0C0051BF83 /* Build configuration list for PBXNativeTarget "bikestreets-iosTests" */;
			buildPhases = (
				9E4CF14C6E155762C1E0E3D7 /* [CP] Check Pods Manifest.lock */,
				4DDE54C3233EBB0C0051BF83 /* Sources */,
				4DDE54C4233EBB0C0051BF83 /* Frameworks */,
				4DDE54C5233EBB0C0051BF83 /* Resources */,
			);
			buildRules = (
			);
			dependencies = (
				4DDE54C9233EBB0C0051BF83 /* PBXTargetDependency */,
			);
			name = "bikestreets-iosTests";
			productName = "bikestreets-iosTests";
			productReference = 4DDE54C7233EBB0C0051BF83 /* bikestreets-iosTests.xctest */;
			productType = "com.apple.product-type.bundle.unit-test";
		};
		4DDE54D1233EBB0C0051BF83 /* bikestreets-iosUITests */ = {
			isa = PBXNativeTarget;
			buildConfigurationList = 4DDE54E1233EBB0C0051BF83 /* Build configuration list for PBXNativeTarget "bikestreets-iosUITests" */;
			buildPhases = (
				1FE3A40F616AAD180F135BBC /* [CP] Check Pods Manifest.lock */,
				4DDE54CE233EBB0C0051BF83 /* Sources */,
				4DDE54CF233EBB0C0051BF83 /* Frameworks */,
				4DDE54D0233EBB0C0051BF83 /* Resources */,
			);
			buildRules = (
			);
			dependencies = (
				4DDE54D4233EBB0C0051BF83 /* PBXTargetDependency */,
			);
			name = "bikestreets-iosUITests";
			productName = "bikestreets-iosUITests";
			productReference = 4DDE54D2233EBB0C0051BF83 /* bikestreets-iosUITests.xctest */;
			productType = "com.apple.product-type.bundle.ui-testing";
		};
/* End PBXNativeTarget section */

/* Begin PBXProject section */
		4DDE54AB233EBB0C0051BF83 /* Project object */ = {
			isa = PBXProject;
			attributes = {
				LastSwiftUpdateCheck = 1030;
				LastUpgradeCheck = 1030;
				ORGANIZATIONNAME = "Bike Streets";
				TargetAttributes = {
					4DDE54B2233EBB0C0051BF83 = {
						CreatedOnToolsVersion = 10.3;
					};
					4DDE54C6233EBB0C0051BF83 = {
						CreatedOnToolsVersion = 10.3;
						TestTargetID = 4DDE54B2233EBB0C0051BF83;
					};
					4DDE54D1233EBB0C0051BF83 = {
						CreatedOnToolsVersion = 10.3;
						TestTargetID = 4DDE54B2233EBB0C0051BF83;
					};
				};
			};
			buildConfigurationList = 4DDE54AE233EBB0C0051BF83 /* Build configuration list for PBXProject "bikestreets-ios" */;
			compatibilityVersion = "Xcode 9.3";
			developmentRegion = en;
			hasScannedForEncodings = 0;
			knownRegions = (
				en,
				Base,
			);
			mainGroup = 4DDE54AA233EBB0C0051BF83;
			productRefGroup = 4DDE54B4233EBB0C0051BF83 /* Products */;
			projectDirPath = "";
			projectRoot = "";
			targets = (
				4DDE54B2233EBB0C0051BF83 /* bikestreets-ios */,
				4DDE54C6233EBB0C0051BF83 /* bikestreets-iosTests */,
				4DDE54D1233EBB0C0051BF83 /* bikestreets-iosUITests */,
			);
		};
/* End PBXProject section */

/* Begin PBXResourcesBuildPhase section */
		4DDE54B1233EBB0C0051BF83 /* Resources */ = {
			isa = PBXResourcesBuildPhase;
			buildActionMask = 2147483647;
			files = (
				4DDE54C1233EBB0C0051BF83 /* LaunchScreen.storyboard in Resources */,
				4DDE54EF233EC15F0051BF83 /* 4-bikesidewalks-master-v0.3.kml in Resources */,
				4DDE54EE233EC15F0051BF83 /* 1-bikestreets-master-v0.3.kml in Resources */,
				4DDE54ED233EC15F0051BF83 /* 2-trails-master-v0.3.kml in Resources */,
				4DDE54BE233EBB0C0051BF83 /* Assets.xcassets in Resources */,
				4DDE54EB233EC15F0051BF83 /* 5-walk-master-v0.3.kml in Resources */,
				4DDE54EC233EC15F0051BF83 /* 3-bikelanes-master-v0.3.kml in Resources */,
				4DDE54BC233EBB0C0051BF83 /* Main.storyboard in Resources */,
			);
			runOnlyForDeploymentPostprocessing = 0;
		};
		4DDE54C5233EBB0C0051BF83 /* Resources */ = {
			isa = PBXResourcesBuildPhase;
			buildActionMask = 2147483647;
			files = (
			);
			runOnlyForDeploymentPostprocessing = 0;
		};
		4DDE54D0233EBB0C0051BF83 /* Resources */ = {
			isa = PBXResourcesBuildPhase;
			buildActionMask = 2147483647;
			files = (
			);
			runOnlyForDeploymentPostprocessing = 0;
		};
/* End PBXResourcesBuildPhase section */

/* Begin PBXShellScriptBuildPhase section */
		1FE3A40F616AAD180F135BBC /* [CP] Check Pods Manifest.lock */ = {
			isa = PBXShellScriptBuildPhase;
			buildActionMask = 2147483647;
			files = (
			);
			inputFileListPaths = (
			);
			inputPaths = (
				"${PODS_PODFILE_DIR_PATH}/Podfile.lock",
				"${PODS_ROOT}/Manifest.lock",
			);
			name = "[CP] Check Pods Manifest.lock";
			outputFileListPaths = (
			);
			outputPaths = (
				"$(DERIVED_FILE_DIR)/Pods-bikestreets-iosUITests-checkManifestLockResult.txt",
			);
			runOnlyForDeploymentPostprocessing = 0;
			shellPath = /bin/sh;
			shellScript = "diff \"${PODS_PODFILE_DIR_PATH}/Podfile.lock\" \"${PODS_ROOT}/Manifest.lock\" > /dev/null\nif [ $? != 0 ] ; then\n    # print error to STDERR\n    echo \"error: The sandbox is not in sync with the Podfile.lock. Run 'pod install' or update your CocoaPods installation.\" >&2\n    exit 1\nfi\n# This output is used by Xcode 'outputs' to avoid re-running this script phase.\necho \"SUCCESS\" > \"${SCRIPT_OUTPUT_FILE_0}\"\n";
			showEnvVarsInLog = 0;
		};
		4349EEA9E26F089EC0543649 /* [CP] Check Pods Manifest.lock */ = {
			isa = PBXShellScriptBuildPhase;
			buildActionMask = 2147483647;
			files = (
			);
			inputFileListPaths = (
			);
			inputPaths = (
				"${PODS_PODFILE_DIR_PATH}/Podfile.lock",
				"${PODS_ROOT}/Manifest.lock",
			);
			name = "[CP] Check Pods Manifest.lock";
			outputFileListPaths = (
			);
			outputPaths = (
				"$(DERIVED_FILE_DIR)/Pods-bikestreets-ios-checkManifestLockResult.txt",
			);
			runOnlyForDeploymentPostprocessing = 0;
			shellPath = /bin/sh;
			shellScript = "diff \"${PODS_PODFILE_DIR_PATH}/Podfile.lock\" \"${PODS_ROOT}/Manifest.lock\" > /dev/null\nif [ $? != 0 ] ; then\n    # print error to STDERR\n    echo \"error: The sandbox is not in sync with the Podfile.lock. Run 'pod install' or update your CocoaPods installation.\" >&2\n    exit 1\nfi\n# This output is used by Xcode 'outputs' to avoid re-running this script phase.\necho \"SUCCESS\" > \"${SCRIPT_OUTPUT_FILE_0}\"\n";
			showEnvVarsInLog = 0;
		};
		4ED4E4ADADCF368AF21542B4 /* [CP] Embed Pods Frameworks */ = {
			isa = PBXShellScriptBuildPhase;
			buildActionMask = 2147483647;
			files = (
			);
			inputFileListPaths = (
				"${PODS_ROOT}/Target Support Files/Pods-bikestreets-ios/Pods-bikestreets-ios-frameworks-${CONFIGURATION}-input-files.xcfilelist",
			);
			name = "[CP] Embed Pods Frameworks";
			outputFileListPaths = (
				"${PODS_ROOT}/Target Support Files/Pods-bikestreets-ios/Pods-bikestreets-ios-frameworks-${CONFIGURATION}-output-files.xcfilelist",
			);
			runOnlyForDeploymentPostprocessing = 0;
			shellPath = /bin/sh;
			shellScript = "\"${PODS_ROOT}/Target Support Files/Pods-bikestreets-ios/Pods-bikestreets-ios-frameworks.sh\"\n";
			showEnvVarsInLog = 0;
		};
		9E4CF14C6E155762C1E0E3D7 /* [CP] Check Pods Manifest.lock */ = {
			isa = PBXShellScriptBuildPhase;
			buildActionMask = 2147483647;
			files = (
			);
			inputFileListPaths = (
			);
			inputPaths = (
				"${PODS_PODFILE_DIR_PATH}/Podfile.lock",
				"${PODS_ROOT}/Manifest.lock",
			);
			name = "[CP] Check Pods Manifest.lock";
			outputFileListPaths = (
			);
			outputPaths = (
				"$(DERIVED_FILE_DIR)/Pods-bikestreets-iosTests-checkManifestLockResult.txt",
			);
			runOnlyForDeploymentPostprocessing = 0;
			shellPath = /bin/sh;
			shellScript = "diff \"${PODS_PODFILE_DIR_PATH}/Podfile.lock\" \"${PODS_ROOT}/Manifest.lock\" > /dev/null\nif [ $? != 0 ] ; then\n    # print error to STDERR\n    echo \"error: The sandbox is not in sync with the Podfile.lock. Run 'pod install' or update your CocoaPods installation.\" >&2\n    exit 1\nfi\n# This output is used by Xcode 'outputs' to avoid re-running this script phase.\necho \"SUCCESS\" > \"${SCRIPT_OUTPUT_FILE_0}\"\n";
			showEnvVarsInLog = 0;
		};
/* End PBXShellScriptBuildPhase section */

/* Begin PBXSourcesBuildPhase section */
		4DDE54AF233EBB0C0051BF83 /* Sources */ = {
			isa = PBXSourcesBuildPhase;
			buildActionMask = 2147483647;
			files = (
				4DDE54B9233EBB0C0051BF83 /* MapViewController.swift in Sources */,
				4D7FDD59237B3120002FFE23 /* UserSettings.swift in Sources */,
				4DD9034C2342EF49001C7093 /* ArcGISConfiguration.swift in Sources */,
				4D32C50D23634E0400D59696 /* ArcGISAuth.swift in Sources */,
				4D7FDD56237B1872002FFE23 /* MapSettingsViewController.swift in Sources */,
				4DDE54B7233EBB0C0051BF83 /* AppDelegate.swift in Sources */,
			);
			runOnlyForDeploymentPostprocessing = 0;
		};
		4DDE54C3233EBB0C0051BF83 /* Sources */ = {
			isa = PBXSourcesBuildPhase;
			buildActionMask = 2147483647;
			files = (
				4DDE54CC233EBB0C0051BF83 /* bikestreets_iosTests.swift in Sources */,
			);
			runOnlyForDeploymentPostprocessing = 0;
		};
		4DDE54CE233EBB0C0051BF83 /* Sources */ = {
			isa = PBXSourcesBuildPhase;
			buildActionMask = 2147483647;
			files = (
				4DDE54D7233EBB0C0051BF83 /* bikestreets_iosUITests.swift in Sources */,
			);
			runOnlyForDeploymentPostprocessing = 0;
		};
/* End PBXSourcesBuildPhase section */

/* Begin PBXTargetDependency section */
		4DDE54C9233EBB0C0051BF83 /* PBXTargetDependency */ = {
			isa = PBXTargetDependency;
			target = 4DDE54B2233EBB0C0051BF83 /* bikestreets-ios */;
			targetProxy = 4DDE54C8233EBB0C0051BF83 /* PBXContainerItemProxy */;
		};
		4DDE54D4233EBB0C0051BF83 /* PBXTargetDependency */ = {
			isa = PBXTargetDependency;
			target = 4DDE54B2233EBB0C0051BF83 /* bikestreets-ios */;
			targetProxy = 4DDE54D3233EBB0C0051BF83 /* PBXContainerItemProxy */;
		};
/* End PBXTargetDependency section */

/* Begin PBXVariantGroup section */
		4DDE54BA233EBB0C0051BF83 /* Main.storyboard */ = {
			isa = PBXVariantGroup;
			children = (
				4DDE54BB233EBB0C0051BF83 /* Base */,
			);
			name = Main.storyboard;
			sourceTree = "<group>";
		};
		4DDE54BF233EBB0C0051BF83 /* LaunchScreen.storyboard */ = {
			isa = PBXVariantGroup;
			children = (
				4DDE54C0233EBB0C0051BF83 /* Base */,
			);
			name = LaunchScreen.storyboard;
			sourceTree = "<group>";
		};
/* End PBXVariantGroup section */

/* Begin XCBuildConfiguration section */
		4DDE54D9233EBB0C0051BF83 /* Debug */ = {
			isa = XCBuildConfiguration;
			buildSettings = {
				ALWAYS_SEARCH_USER_PATHS = NO;
				CLANG_ANALYZER_NONNULL = YES;
				CLANG_ANALYZER_NUMBER_OBJECT_CONVERSION = YES_AGGRESSIVE;
				CLANG_CXX_LANGUAGE_STANDARD = "gnu++14";
				CLANG_CXX_LIBRARY = "libc++";
				CLANG_ENABLE_MODULES = YES;
				CLANG_ENABLE_OBJC_ARC = YES;
				CLANG_ENABLE_OBJC_WEAK = YES;
				CLANG_WARN_BLOCK_CAPTURE_AUTORELEASING = YES;
				CLANG_WARN_BOOL_CONVERSION = YES;
				CLANG_WARN_COMMA = YES;
				CLANG_WARN_CONSTANT_CONVERSION = YES;
				CLANG_WARN_DEPRECATED_OBJC_IMPLEMENTATIONS = YES;
				CLANG_WARN_DIRECT_OBJC_ISA_USAGE = YES_ERROR;
				CLANG_WARN_DOCUMENTATION_COMMENTS = YES;
				CLANG_WARN_EMPTY_BODY = YES;
				CLANG_WARN_ENUM_CONVERSION = YES;
				CLANG_WARN_INFINITE_RECURSION = YES;
				CLANG_WARN_INT_CONVERSION = YES;
				CLANG_WARN_NON_LITERAL_NULL_CONVERSION = YES;
				CLANG_WARN_OBJC_IMPLICIT_RETAIN_SELF = YES;
				CLANG_WARN_OBJC_LITERAL_CONVERSION = YES;
				CLANG_WARN_OBJC_ROOT_CLASS = YES_ERROR;
				CLANG_WARN_RANGE_LOOP_ANALYSIS = YES;
				CLANG_WARN_STRICT_PROTOTYPES = YES;
				CLANG_WARN_SUSPICIOUS_MOVE = YES;
				CLANG_WARN_UNGUARDED_AVAILABILITY = YES_AGGRESSIVE;
				CLANG_WARN_UNREACHABLE_CODE = YES;
				CLANG_WARN__DUPLICATE_METHOD_MATCH = YES;
				CODE_SIGN_IDENTITY = "iPhone Developer";
				COPY_PHASE_STRIP = NO;
				DEBUG_INFORMATION_FORMAT = dwarf;
				ENABLE_STRICT_OBJC_MSGSEND = YES;
				ENABLE_TESTABILITY = YES;
				GCC_C_LANGUAGE_STANDARD = gnu11;
				GCC_DYNAMIC_NO_PIC = NO;
				GCC_NO_COMMON_BLOCKS = YES;
				GCC_OPTIMIZATION_LEVEL = 0;
				GCC_PREPROCESSOR_DEFINITIONS = (
					"DEBUG=1",
					"$(inherited)",
				);
				GCC_WARN_64_TO_32_BIT_CONVERSION = YES;
				GCC_WARN_ABOUT_RETURN_TYPE = YES_ERROR;
				GCC_WARN_UNDECLARED_SELECTOR = YES;
				GCC_WARN_UNINITIALIZED_AUTOS = YES_AGGRESSIVE;
				GCC_WARN_UNUSED_FUNCTION = YES;
				GCC_WARN_UNUSED_VARIABLE = YES;
				IPHONEOS_DEPLOYMENT_TARGET = 12.4;
				MTL_ENABLE_DEBUG_INFO = INCLUDE_SOURCE;
				MTL_FAST_MATH = YES;
				ONLY_ACTIVE_ARCH = YES;
				SDKROOT = iphoneos;
				SWIFT_ACTIVE_COMPILATION_CONDITIONS = DEBUG;
				SWIFT_OPTIMIZATION_LEVEL = "-Onone";
			};
			name = Debug;
		};
		4DDE54DA233EBB0C0051BF83 /* Release */ = {
			isa = XCBuildConfiguration;
			buildSettings = {
				ALWAYS_SEARCH_USER_PATHS = NO;
				CLANG_ANALYZER_NONNULL = YES;
				CLANG_ANALYZER_NUMBER_OBJECT_CONVERSION = YES_AGGRESSIVE;
				CLANG_CXX_LANGUAGE_STANDARD = "gnu++14";
				CLANG_CXX_LIBRARY = "libc++";
				CLANG_ENABLE_MODULES = YES;
				CLANG_ENABLE_OBJC_ARC = YES;
				CLANG_ENABLE_OBJC_WEAK = YES;
				CLANG_WARN_BLOCK_CAPTURE_AUTORELEASING = YES;
				CLANG_WARN_BOOL_CONVERSION = YES;
				CLANG_WARN_COMMA = YES;
				CLANG_WARN_CONSTANT_CONVERSION = YES;
				CLANG_WARN_DEPRECATED_OBJC_IMPLEMENTATIONS = YES;
				CLANG_WARN_DIRECT_OBJC_ISA_USAGE = YES_ERROR;
				CLANG_WARN_DOCUMENTATION_COMMENTS = YES;
				CLANG_WARN_EMPTY_BODY = YES;
				CLANG_WARN_ENUM_CONVERSION = YES;
				CLANG_WARN_INFINITE_RECURSION = YES;
				CLANG_WARN_INT_CONVERSION = YES;
				CLANG_WARN_NON_LITERAL_NULL_CONVERSION = YES;
				CLANG_WARN_OBJC_IMPLICIT_RETAIN_SELF = YES;
				CLANG_WARN_OBJC_LITERAL_CONVERSION = YES;
				CLANG_WARN_OBJC_ROOT_CLASS = YES_ERROR;
				CLANG_WARN_RANGE_LOOP_ANALYSIS = YES;
				CLANG_WARN_STRICT_PROTOTYPES = YES;
				CLANG_WARN_SUSPICIOUS_MOVE = YES;
				CLANG_WARN_UNGUARDED_AVAILABILITY = YES_AGGRESSIVE;
				CLANG_WARN_UNREACHABLE_CODE = YES;
				CLANG_WARN__DUPLICATE_METHOD_MATCH = YES;
				CODE_SIGN_IDENTITY = "iPhone Developer";
				COPY_PHASE_STRIP = NO;
				DEBUG_INFORMATION_FORMAT = "dwarf-with-dsym";
				ENABLE_NS_ASSERTIONS = NO;
				ENABLE_STRICT_OBJC_MSGSEND = YES;
				GCC_C_LANGUAGE_STANDARD = gnu11;
				GCC_NO_COMMON_BLOCKS = YES;
				GCC_WARN_64_TO_32_BIT_CONVERSION = YES;
				GCC_WARN_ABOUT_RETURN_TYPE = YES_ERROR;
				GCC_WARN_UNDECLARED_SELECTOR = YES;
				GCC_WARN_UNINITIALIZED_AUTOS = YES_AGGRESSIVE;
				GCC_WARN_UNUSED_FUNCTION = YES;
				GCC_WARN_UNUSED_VARIABLE = YES;
				IPHONEOS_DEPLOYMENT_TARGET = 12.4;
				MTL_ENABLE_DEBUG_INFO = NO;
				MTL_FAST_MATH = YES;
				SDKROOT = iphoneos;
				SWIFT_COMPILATION_MODE = wholemodule;
				SWIFT_OPTIMIZATION_LEVEL = "-O";
				VALIDATE_PRODUCT = YES;
			};
			name = Release;
		};
		4DDE54DC233EBB0C0051BF83 /* Debug */ = {
			isa = XCBuildConfiguration;
			baseConfigurationReference = 957A276B9DEA2027E8A62043 /* Pods-bikestreets-ios.debug.xcconfig */;
			buildSettings = {
				ASSETCATALOG_COMPILER_APPICON_NAME = AppIcon;
				CODE_SIGN_STYLE = Automatic;
				CURRENT_PROJECT_VERSION = 3;
				DEVELOPMENT_TEAM = JPF6V6763Y;
				INFOPLIST_FILE = "bikestreets-ios/Info.plist";
				LD_RUNPATH_SEARCH_PATHS = (
					"$(inherited)",
					"@executable_path/Frameworks",
				);
				MARKETING_VERSION = 0.3;
				PRODUCT_BUNDLE_IDENTIFIER = "com.bikestreets.bikestreets-ios";
				PRODUCT_NAME = "Bike Streets";
				SWIFT_VERSION = 5.0;
				TARGETED_DEVICE_FAMILY = 1;
			};
			name = Debug;
		};
		4DDE54DD233EBB0C0051BF83 /* Release */ = {
			isa = XCBuildConfiguration;
			baseConfigurationReference = E6D449B0AFAAB0B573AE9AC8 /* Pods-bikestreets-ios.release.xcconfig */;
			buildSettings = {
				ASSETCATALOG_COMPILER_APPICON_NAME = AppIcon;
				CODE_SIGN_STYLE = Automatic;
				CURRENT_PROJECT_VERSION = 3;
				DEVELOPMENT_TEAM = JPF6V6763Y;
				INFOPLIST_FILE = "bikestreets-ios/Info.plist";
				LD_RUNPATH_SEARCH_PATHS = (
					"$(inherited)",
					"@executable_path/Frameworks",
				);
				MARKETING_VERSION = 0.3;
				PRODUCT_BUNDLE_IDENTIFIER = "com.bikestreets.bikestreets-ios";
				PRODUCT_NAME = "Bike Streets";
				SWIFT_VERSION = 5.0;
				TARGETED_DEVICE_FAMILY = 1;
			};
			name = Release;
		};
		4DDE54DF233EBB0C0051BF83 /* Debug */ = {
			isa = XCBuildConfiguration;
			baseConfigurationReference = 42BA69389DBF12EC6C40C4DF /* Pods-bikestreets-iosTests.debug.xcconfig */;
			buildSettings = {
				ALWAYS_EMBED_SWIFT_STANDARD_LIBRARIES = YES;
				BUNDLE_LOADER = "$(TEST_HOST)";
				CODE_SIGN_STYLE = Automatic;
				DEVELOPMENT_TEAM = JPF6V6763Y;
				INFOPLIST_FILE = "bikestreets-iosTests/Info.plist";
				LD_RUNPATH_SEARCH_PATHS = (
					"$(inherited)",
					"@executable_path/Frameworks",
					"@loader_path/Frameworks",
				);
				PRODUCT_BUNDLE_IDENTIFIER = "com.bikestreets.bikestreets-iosTests";
				PRODUCT_NAME = "$(TARGET_NAME)";
				SWIFT_VERSION = 5.0;
				TARGETED_DEVICE_FAMILY = "1,2";
				TEST_HOST = "$(BUILT_PRODUCTS_DIR)/bikestreets-ios.app/bikestreets-ios";
			};
			name = Debug;
		};
		4DDE54E0233EBB0C0051BF83 /* Release */ = {
			isa = XCBuildConfiguration;
			baseConfigurationReference = AF19ECBFB91A23BAF9262610 /* Pods-bikestreets-iosTests.release.xcconfig */;
			buildSettings = {
				ALWAYS_EMBED_SWIFT_STANDARD_LIBRARIES = YES;
				BUNDLE_LOADER = "$(TEST_HOST)";
				CODE_SIGN_STYLE = Automatic;
				DEVELOPMENT_TEAM = JPF6V6763Y;
				INFOPLIST_FILE = "bikestreets-iosTests/Info.plist";
				LD_RUNPATH_SEARCH_PATHS = (
					"$(inherited)",
					"@executable_path/Frameworks",
					"@loader_path/Frameworks",
				);
				PRODUCT_BUNDLE_IDENTIFIER = "com.bikestreets.bikestreets-iosTests";
				PRODUCT_NAME = "$(TARGET_NAME)";
				SWIFT_VERSION = 5.0;
				TARGETED_DEVICE_FAMILY = "1,2";
				TEST_HOST = "$(BUILT_PRODUCTS_DIR)/bikestreets-ios.app/bikestreets-ios";
			};
			name = Release;
		};
		4DDE54E2233EBB0C0051BF83 /* Debug */ = {
			isa = XCBuildConfiguration;
			baseConfigurationReference = 919B57A95D5CBD62996F355B /* Pods-bikestreets-iosUITests.debug.xcconfig */;
			buildSettings = {
				ALWAYS_EMBED_SWIFT_STANDARD_LIBRARIES = YES;
				CODE_SIGN_STYLE = Automatic;
				DEVELOPMENT_TEAM = JPF6V6763Y;
				INFOPLIST_FILE = "bikestreets-iosUITests/Info.plist";
				LD_RUNPATH_SEARCH_PATHS = (
					"$(inherited)",
					"@executable_path/Frameworks",
					"@loader_path/Frameworks",
				);
				PRODUCT_BUNDLE_IDENTIFIER = "com.bikestreets.bikestreets-iosUITests";
				PRODUCT_NAME = "$(TARGET_NAME)";
				SWIFT_VERSION = 5.0;
				TARGETED_DEVICE_FAMILY = "1,2";
				TEST_TARGET_NAME = "bikestreets-ios";
			};
			name = Debug;
		};
		4DDE54E3233EBB0C0051BF83 /* Release */ = {
			isa = XCBuildConfiguration;
			baseConfigurationReference = 637BF84059333FF07925F0C8 /* Pods-bikestreets-iosUITests.release.xcconfig */;
			buildSettings = {
				ALWAYS_EMBED_SWIFT_STANDARD_LIBRARIES = YES;
				CODE_SIGN_STYLE = Automatic;
				DEVELOPMENT_TEAM = JPF6V6763Y;
				INFOPLIST_FILE = "bikestreets-iosUITests/Info.plist";
				LD_RUNPATH_SEARCH_PATHS = (
					"$(inherited)",
					"@executable_path/Frameworks",
					"@loader_path/Frameworks",
				);
				PRODUCT_BUNDLE_IDENTIFIER = "com.bikestreets.bikestreets-iosUITests";
				PRODUCT_NAME = "$(TARGET_NAME)";
				SWIFT_VERSION = 5.0;
				TARGETED_DEVICE_FAMILY = "1,2";
				TEST_TARGET_NAME = "bikestreets-ios";
			};
			name = Release;
		};
/* End XCBuildConfiguration section */

/* Begin XCConfigurationList section */
		4DDE54AE233EBB0C0051BF83 /* Build configuration list for PBXProject "bikestreets-ios" */ = {
			isa = XCConfigurationList;
			buildConfigurations = (
				4DDE54D9233EBB0C0051BF83 /* Debug */,
				4DDE54DA233EBB0C0051BF83 /* Release */,
			);
			defaultConfigurationIsVisible = 0;
			defaultConfigurationName = Release;
		};
		4DDE54DB233EBB0C0051BF83 /* Build configuration list for PBXNativeTarget "bikestreets-ios" */ = {
			isa = XCConfigurationList;
			buildConfigurations = (
				4DDE54DC233EBB0C0051BF83 /* Debug */,
				4DDE54DD233EBB0C0051BF83 /* Release */,
			);
			defaultConfigurationIsVisible = 0;
			defaultConfigurationName = Release;
		};
		4DDE54DE233EBB0C0051BF83 /* Build configuration list for PBXNativeTarget "bikestreets-iosTests" */ = {
			isa = XCConfigurationList;
			buildConfigurations = (
				4DDE54DF233EBB0C0051BF83 /* Debug */,
				4DDE54E0233EBB0C0051BF83 /* Release */,
			);
			defaultConfigurationIsVisible = 0;
			defaultConfigurationName = Release;
		};
		4DDE54E1233EBB0C0051BF83 /* Build configuration list for PBXNativeTarget "bikestreets-iosUITests" */ = {
			isa = XCConfigurationList;
			buildConfigurations = (
				4DDE54E2233EBB0C0051BF83 /* Debug */,
				4DDE54E3233EBB0C0051BF83 /* Release */,
			);
			defaultConfigurationIsVisible = 0;
			defaultConfigurationName = Release;
		};
/* End XCConfigurationList section */
	};
	rootObject = 4DDE54AB233EBB0C0051BF83 /* Project object */;
}
